<?xml version="1.0" encoding="utf-8"?>
<Project ToolsVersion="4.0" xmlns="http://schemas.microsoft.com/developer/msbuild/2003">
  <ItemGroup>
    <Filter Include="소스 파일">
      <UniqueIdentifier>{4FC737F1-C7A5-4376-A066-2A32D752A2FF}</UniqueIdentifier>
      <Extensions>cpp;c;cc;cxx;def;odl;idl;hpj;bat;asm;asmx</Extensions>
    </Filter>
    <Filter Include="헤더 파일">
      <UniqueIdentifier>{93995380-89BD-4b04-88EB-625FBE52EBFB}</UniqueIdentifier>
      <Extensions>h;hh;hpp;hxx;hm;inl;inc;xsd</Extensions>
    </Filter>
    <Filter Include="리소스 파일">
      <UniqueIdentifier>{67DA6AB6-F800-4c08-8B7A-83BB121AAD01}</UniqueIdentifier>
      <Extensions>rc;ico;cur;bmp;dlg;rc2;rct;bin;rgs;gif;jpg;jpeg;jpe;resx;tiff;tif;png;wav;mfcribbon-ms</Extensions>
    </Filter>
    <Filter Include="01. Device">
      <UniqueIdentifier>{2c0ef978-c5c8-4b96-b1e0-48e824951e94}</UniqueIdentifier>
    </Filter>
    <Filter Include="00. Special">
      <UniqueIdentifier>{36848ca4-e1ca-4e39-803a-19e0c67361fb}</UniqueIdentifier>
    </Filter>
    <Filter Include="00. Special\00. MainFrm">
      <UniqueIdentifier>{53149755-998e-476e-b123-7e4913ab055a}</UniqueIdentifier>
    </Filter>
    <Filter Include="00. Special\01. View">
      <UniqueIdentifier>{730949fa-a597-4aa5-b953-9f258fddcf23}</UniqueIdentifier>
    </Filter>
    <Filter Include="00. Special\02. Document">
      <UniqueIdentifier>{cb351790-976d-418f-a84c-669a92443870}</UniqueIdentifier>
    </Filter>
    <Filter Include="00. Special\01. View\01. MiniView">
      <UniqueIdentifier>{fc8f5792-5be9-48bb-be92-6a1240542faa}</UniqueIdentifier>
    </Filter>
    <Filter Include="03. Etc">
      <UniqueIdentifier>{90697169-e63a-4408-af4a-8b44b0743268}</UniqueIdentifier>
    </Filter>
    <Filter Include="03. Etc\00. FileInfo">
      <UniqueIdentifier>{ec48caa4-a157-4b0a-a84f-379add35a130}</UniqueIdentifier>
    </Filter>
    <Filter Include="99.Header">
      <UniqueIdentifier>{87b56aa3-1153-4e8e-8fea-c7ee7910b36d}</UniqueIdentifier>
    </Filter>
    <Filter Include="04.Object">
      <UniqueIdentifier>{bf1c59c5-8ce4-4a3c-864f-4023ec081e6b}</UniqueIdentifier>
    </Filter>
    <Filter Include="04.Object\03 Camera_Tool">
      <UniqueIdentifier>{00466184-5dfa-4c53-b7be-cb630035211d}</UniqueIdentifier>
    </Filter>
    <Filter Include="00. Special\01. View\01. MyButton">
      <UniqueIdentifier>{fb6795ee-8b2a-421c-b6e8-342c7b26e625}</UniqueIdentifier>
    </Filter>
    <Filter Include="00. Special\01. View\01. MyButton\01. PathFind">
      <UniqueIdentifier>{099e32db-2a44-4167-8120-80f8b66a3666}</UniqueIdentifier>
    </Filter>
    <Filter Include="00. Special\01. View\01. MyButton\02. TransTool">
      <UniqueIdentifier>{5c49c64e-0ae7-4028-a54d-36d6666cdffb}</UniqueIdentifier>
    </Filter>
    <Filter Include="04.Object\02.Map">
      <UniqueIdentifier>{43e204ab-2fb0-4c3d-abe2-1bc45cf68fea}</UniqueIdentifier>
    </Filter>
    <Filter Include="00. Special\01. View\00. MyForm">
      <UniqueIdentifier>{d0f404f4-2cb0-4783-a654-0fe0ea5db640}</UniqueIdentifier>
    </Filter>
    <Filter Include="00. Special\01. View\01. MyButton\03. MapTool">
      <UniqueIdentifier>{52600aed-d715-4e4e-8848-b598b83524dc}</UniqueIdentifier>
    </Filter>
    <Filter Include="04.Object\02.Map\Terrain">
      <UniqueIdentifier>{36437ae7-eb50-48f0-910c-2c914d0deb38}</UniqueIdentifier>
    </Filter>
    <Filter Include="04.Object\01.Object">
      <UniqueIdentifier>{1201a88a-e146-4927-8566-7bdc4bf2f444}</UniqueIdentifier>
    </Filter>
    <Filter Include="04.Object\01.Object\WireCube">
      <UniqueIdentifier>{31640831-3b60-4d10-a9a0-ea877069d6a5}</UniqueIdentifier>
    </Filter>
    <Filter Include="00. Special\01. View\01. MyButton\04. CubeMapTool">
      <UniqueIdentifier>{886baf77-387a-4a23-982b-51c13356c0e8}</UniqueIdentifier>
    </Filter>
    <Filter Include="04.Object\01.Object\ShaderCube">
      <UniqueIdentifier>{4ef269ec-c613-41ed-af93-11d5d22a83b4}</UniqueIdentifier>
    </Filter>
  </ItemGroup>
  <ItemGroup>
    <Text Include="ReadMe.txt" />
  </ItemGroup>
  <ItemGroup>
    <ClInclude Include="Tool.h">
      <Filter>헤더 파일</Filter>
    </ClInclude>
    <ClInclude Include="targetver.h">
      <Filter>헤더 파일</Filter>
    </ClInclude>
    <ClInclude Include="Resource.h">
      <Filter>헤더 파일</Filter>
    </ClInclude>
    <ClInclude Include="ToolView.h">
      <Filter>00. Special\01. View</Filter>
    </ClInclude>
    <ClInclude Include="MainFrm.h">
      <Filter>00. Special\00. MainFrm</Filter>
    </ClInclude>
    <ClInclude Include="ToolDoc.h">
      <Filter>00. Special\02. Document</Filter>
    </ClInclude>
    <ClInclude Include="MiniView.h">
      <Filter>00. Special\01. View\01. MiniView</Filter>
    </ClInclude>
    <ClInclude Include="FileInfo.h">
      <Filter>03. Etc\00. FileInfo</Filter>
    </ClInclude>
    <ClInclude Include="PathFind.h">
      <Filter>00. Special\01. View\01. MyButton\01. PathFind</Filter>
    </ClInclude>
    <ClInclude Include="Camera_Tool.h">
      <Filter>04.Object\03 Camera_Tool</Filter>
    </ClInclude>
    <ClInclude Include="Trans_Dialog.h">
      <Filter>00. Special\01. View\01. MyButton\02. TransTool</Filter>
    </ClInclude>
    <ClInclude Include="SuperToolSIngleton.h">
      <Filter>01. Device</Filter>
    </ClInclude>
    <ClInclude Include="MyForm.h">
      <Filter>00. Special\01. View\00. MyForm</Filter>
    </ClInclude>
    <ClInclude Include="..\Header\Struct.h">
      <Filter>99.Header</Filter>
    </ClInclude>
    <ClInclude Include="..\Header\Tool_Define.h">
      <Filter>99.Header</Filter>
    </ClInclude>
    <ClInclude Include="..\Header\Enum.h">
      <Filter>99.Header</Filter>
    </ClInclude>
    <ClInclude Include="..\Header\Functor.h">
      <Filter>99.Header</Filter>
    </ClInclude>
    <ClInclude Include="..\Header\Include.h">
      <Filter>99.Header</Filter>
    </ClInclude>
    <ClInclude Include="ObjectTool_ToolObject.h">
      <Filter>04.Object\01.Object</Filter>
    </ClInclude>
    <ClInclude Include="MapTool.h">
      <Filter>00. Special\01. View\01. MyButton\03. MapTool</Filter>
    </ClInclude>
    <ClInclude Include="ObjectTool_Terrain.h">
      <Filter>04.Object\02.Map\Terrain</Filter>
    </ClInclude>
    <ClInclude Include="ObjectTool_ToolWire.h">
      <Filter>04.Object\01.Object\WireCube</Filter>
    </ClInclude>
    <ClInclude Include="KeyMgr.h">
      <Filter>01. Device</Filter>
    </ClInclude>
    <ClInclude Include="CubeMapDialog.h">
      <Filter>00. Special\01. View\01. MyButton\04. CubeMapTool</Filter>
    </ClInclude>
    <ClInclude Include="ObjectTool_ShaderTestObject.h">
      <Filter>04.Object\01.Object\ShaderCube</Filter>
    </ClInclude>
  </ItemGroup>
  <ItemGroup>
    <ClCompile Include="Tool.cpp">
      <Filter>소스 파일</Filter>
    </ClCompile>
    <ClCompile Include="stdafx.cpp">
      <Filter>소스 파일</Filter>
    </ClCompile>
    <ClCompile Include="ToolDoc.cpp">
      <Filter>00. Special\02. Document</Filter>
    </ClCompile>
    <ClCompile Include="MiniView.cpp">
      <Filter>00. Special\01. View\01. MiniView</Filter>
    </ClCompile>
    <ClCompile Include="FileInfo.cpp">
      <Filter>03. Etc\00. FileInfo</Filter>
    </ClCompile>
    <ClCompile Include="PathFind.cpp">
      <Filter>00. Special\01. View\01. MyButton\01. PathFind</Filter>
    </ClCompile>
    <ClCompile Include="Camera_Tool.cpp">
      <Filter>04.Object\03 Camera_Tool</Filter>
    </ClCompile>
    <ClCompile Include="Trans_Dialog.cpp">
      <Filter>00. Special\01. View\01. MyButton\02. TransTool</Filter>
    </ClCompile>
    <ClCompile Include="ToolView.cpp">
      <Filter>00. Special\01. View</Filter>
    </ClCompile>
    <ClCompile Include="MainFrm.cpp">
      <Filter>00. Special\00. MainFrm</Filter>
    </ClCompile>
    <ClCompile Include="SuperToolSIngleton.cpp">
      <Filter>01. Device</Filter>
    </ClCompile>
    <ClCompile Include="MyForm.cpp">
      <Filter>00. Special\01. View\00. MyForm</Filter>
    </ClCompile>
    <ClCompile Include="ObjectTool_ToolObject.cpp">
      <Filter>04.Object\01.Object</Filter>
    </ClCompile>
    <ClCompile Include="MapTool.cpp">
      <Filter>00. Special\01. View\01. MyButton\03. MapTool</Filter>
    </ClCompile>
    <ClCompile Include="ObjectTool_Terrain.cpp">
      <Filter>04.Object\02.Map\Terrain</Filter>
    </ClCompile>
    <ClCompile Include="ObjectTool_ToolWire.cpp">
      <Filter>04.Object\01.Object\WireCube</Filter>
    </ClCompile>
    <ClCompile Include="KeyMgr.cpp">
      <Filter>01. Device</Filter>
    </ClCompile>
    <ClCompile Include="CubeMapDialog.cpp">
      <Filter>00. Special\01. View\01. MyButton\04. CubeMapTool</Filter>
    </ClCompile>
    <ClCompile Include="ObjectTool_ShaderTestObject.cpp">
      <Filter>04.Object\01.Object\ShaderCube</Filter>
    </ClCompile>
  </ItemGroup>
  <ItemGroup>
    <ResourceCompile Include="Tool.rc">
      <Filter>리소스 파일</Filter>
    </ResourceCompile>
  </ItemGroup>
  <ItemGroup>
    <Image Include="res\ToolDoc.ico">
      <Filter>리소스 파일</Filter>
    </Image>
    <Image Include="res\Tool.ico">
      <Filter>리소스 파일</Filter>
    </Image>
    <Image Include="res\Toolbar.bmp">
      <Filter>리소스 파일</Filter>
    </Image>
  </ItemGroup>
  <ItemGroup>
    <None Include="..\res\Tool.rc2">
      <Filter>리소스 파일</Filter>
    </None>
  </ItemGroup>
</Project>