<?xml version="1.0" encoding="utf-8"?>
<Project ToolsVersion="4.0" xmlns="http://schemas.microsoft.com/developer/msbuild/2003">
  <ItemGroup>
    <Filter Include="소스 파일">
      <UniqueIdentifier>{4FC737F1-C7A5-4376-A066-2A32D752A2FF}</UniqueIdentifier>
      <Extensions>cpp;c;cc;cxx;def;odl;idl;hpj;bat;asm;asmx</Extensions>
    </Filter>
    <Filter Include="헤더 파일">
      <UniqueIdentifier>{93995380-89BD-4b04-88EB-625FBE52EBFB}</UniqueIdentifier>
      <Extensions>h;hh;hpp;hxx;hm;inl;inc;xsd</Extensions>
    </Filter>
    <Filter Include="리소스 파일">
      <UniqueIdentifier>{67DA6AB6-F800-4c08-8B7A-83BB121AAD01}</UniqueIdentifier>
      <Extensions>rc;ico;cur;bmp;dlg;rc2;rct;bin;rgs;gif;jpg;jpeg;jpe;resx;tiff;tif;png;wav;mfcribbon-ms</Extensions>
    </Filter>
    <Filter Include="01. Device">
      <UniqueIdentifier>{2c0ef978-c5c8-4b96-b1e0-48e824951e94}</UniqueIdentifier>
    </Filter>
    <Filter Include="02. Texture">
      <UniqueIdentifier>{14747c3c-807a-4bd8-af8d-d5ca45e39775}</UniqueIdentifier>
    </Filter>
    <Filter Include="02. Texture\00. SingleTexture">
      <UniqueIdentifier>{bfc424df-6d61-4d9c-a723-4d58015c418b}</UniqueIdentifier>
    </Filter>
    <Filter Include="02. Texture\01. MultiTexture">
      <UniqueIdentifier>{bc6cd2f7-54f1-4e98-9f2e-87bcdea64f68}</UniqueIdentifier>
    </Filter>
    <Filter Include="02. Texture\02. Manager">
      <UniqueIdentifier>{b419c433-d2c6-4ecb-b526-3753a929ef3b}</UniqueIdentifier>
    </Filter>
    <Filter Include="00. Special">
      <UniqueIdentifier>{36848ca4-e1ca-4e39-803a-19e0c67361fb}</UniqueIdentifier>
    </Filter>
    <Filter Include="00. Special\00. MainFrm">
      <UniqueIdentifier>{53149755-998e-476e-b123-7e4913ab055a}</UniqueIdentifier>
    </Filter>
    <Filter Include="00. Special\01. View">
      <UniqueIdentifier>{730949fa-a597-4aa5-b953-9f258fddcf23}</UniqueIdentifier>
    </Filter>
    <Filter Include="00. Special\02. Document">
      <UniqueIdentifier>{cb351790-976d-418f-a84c-669a92443870}</UniqueIdentifier>
    </Filter>
    <Filter Include="00. Special\01. View\00. MyForm">
      <UniqueIdentifier>{fb6795ee-8b2a-421c-b6e8-342c7b26e625}</UniqueIdentifier>
    </Filter>
    <Filter Include="00. Special\01. View\01. MiniView">
      <UniqueIdentifier>{fc8f5792-5be9-48bb-be92-6a1240542faa}</UniqueIdentifier>
    </Filter>
    <Filter Include="00. Special\01. View\00. MyForm\00. UnitTool">
      <UniqueIdentifier>{246d244d-c309-4078-a41c-23cb715eddbc}</UniqueIdentifier>
    </Filter>
    <Filter Include="00. Special\01. View\00. MyForm\01. MapTool">
      <UniqueIdentifier>{55151d52-ea5b-49f1-a12e-5a5d03e3063e}</UniqueIdentifier>
    </Filter>
    <Filter Include="03. Etc">
      <UniqueIdentifier>{90697169-e63a-4408-af4a-8b44b0743268}</UniqueIdentifier>
    </Filter>
    <Filter Include="03. Etc\00. FileInfo">
      <UniqueIdentifier>{ec48caa4-a157-4b0a-a84f-379add35a130}</UniqueIdentifier>
    </Filter>
    <Filter Include="00. Special\01. View\00. MyForm\02. PopUpWnd">
      <UniqueIdentifier>{ea971879-6799-40ca-b3d6-71a0aa9e92ce}</UniqueIdentifier>
    </Filter>
    <Filter Include="00. Special\01. View\00. MyForm\02. PopUpWnd\00. Sheet">
      <UniqueIdentifier>{8993ac3c-330d-4352-b9cd-4b20bc7a6fee}</UniqueIdentifier>
    </Filter>
    <Filter Include="00. Special\01. View\00. MyForm\02. PopUpWnd\00. Sheet\00. MyPage1">
      <UniqueIdentifier>{daf089f1-d7d6-47a4-954b-88894c81ff3c}</UniqueIdentifier>
    </Filter>
    <Filter Include="00. Special\01. View\00. MyForm\02. PopUpWnd\00. Sheet\01. MyPage2">
      <UniqueIdentifier>{faf693b5-77f2-4be9-bd93-bb4423ed1914}</UniqueIdentifier>
    </Filter>
    <Filter Include="00. Special\01. View\00. MyForm\03. PathFind">
      <UniqueIdentifier>{099e32db-2a44-4167-8120-80f8b66a3666}</UniqueIdentifier>
    </Filter>
    <Filter Include="99.Header">
      <UniqueIdentifier>{87b56aa3-1153-4e8e-8fea-c7ee7910b36d}</UniqueIdentifier>
    </Filter>
    <Filter Include="04.Object">
      <UniqueIdentifier>{bf1c59c5-8ce4-4a3c-864f-4023ec081e6b}</UniqueIdentifier>
    </Filter>
    <Filter Include="04.Object\02.Terrain">
      <UniqueIdentifier>{43e204ab-2fb0-4c3d-abe2-1bc45cf68fea}</UniqueIdentifier>
    </Filter>
    <Filter Include="04.Object\01.Rect">
      <UniqueIdentifier>{1201a88a-e146-4927-8566-7bdc4bf2f444}</UniqueIdentifier>
    </Filter>
    <Filter Include="04.Object\03 Camera_Tool">
      <UniqueIdentifier>{00466184-5dfa-4c53-b7be-cb630035211d}</UniqueIdentifier>
    </Filter>
    <Filter Include="03. Etc\01. Path">
      <UniqueIdentifier>{f20911a9-2234-4574-942c-647aeac8fc05}</UniqueIdentifier>
    </Filter>
  </ItemGroup>
  <ItemGroup>
    <Text Include="ReadMe.txt" />
  </ItemGroup>
  <ItemGroup>
    <ClInclude Include="Tool.h">
      <Filter>헤더 파일</Filter>
    </ClInclude>
    <ClInclude Include="targetver.h">
      <Filter>헤더 파일</Filter>
    </ClInclude>
    <ClInclude Include="Resource.h">
      <Filter>헤더 파일</Filter>
    </ClInclude>
    <ClInclude Include="Device.h">
      <Filter>01. Device</Filter>
    </ClInclude>
    <ClInclude Include="SingleTexture.h">
      <Filter>02. Texture\00. SingleTexture</Filter>
    </ClInclude>
    <ClInclude Include="ToolView.h">
      <Filter>00. Special\01. View</Filter>
    </ClInclude>
    <ClInclude Include="MainFrm.h">
      <Filter>00. Special\00. MainFrm</Filter>
    </ClInclude>
    <ClInclude Include="ToolDoc.h">
      <Filter>00. Special\02. Document</Filter>
    </ClInclude>
    <ClInclude Include="TextureMgr.h">
      <Filter>02. Texture\02. Manager</Filter>
    </ClInclude>
    <ClInclude Include="MultiTexture.h">
      <Filter>02. Texture\01. MultiTexture</Filter>
    </ClInclude>
    <ClInclude Include="Terrain.h">
      <Filter>04.Object\02.Terrain</Filter>
    </ClInclude>
    <ClInclude Include="MyForm.h">
      <Filter>00. Special\01. View\00. MyForm</Filter>
    </ClInclude>
    <ClInclude Include="MiniView.h">
      <Filter>00. Special\01. View\01. MiniView</Filter>
    </ClInclude>
    <ClInclude Include="UnitTool.h">
      <Filter>00. Special\01. View\00. MyForm\00. UnitTool</Filter>
    </ClInclude>
    <ClInclude Include="MapTool.h">
      <Filter>00. Special\01. View\00. MyForm\01. MapTool</Filter>
    </ClInclude>
    <ClInclude Include="FileInfo.h">
      <Filter>03. Etc\00. FileInfo</Filter>
    </ClInclude>
    <ClInclude Include="MySheet.h">
      <Filter>00. Special\01. View\00. MyForm\02. PopUpWnd\00. Sheet</Filter>
    </ClInclude>
    <ClInclude Include="MyPage1.h">
      <Filter>00. Special\01. View\00. MyForm\02. PopUpWnd\00. Sheet\00. MyPage1</Filter>
    </ClInclude>
    <ClInclude Include="MyPage2.h">
      <Filter>00. Special\01. View\00. MyForm\02. PopUpWnd\00. Sheet\01. MyPage2</Filter>
    </ClInclude>
    <ClInclude Include="PathFind.h">
      <Filter>00. Special\01. View\00. MyForm\03. PathFind</Filter>
    </ClInclude>
    <ClInclude Include="Header\Include.h">
      <Filter>99.Header</Filter>
    </ClInclude>
    <ClInclude Include="Header\Struct.h">
      <Filter>99.Header</Filter>
    </ClInclude>
    <ClInclude Include="Header\Enum.h">
      <Filter>99.Header</Filter>
    </ClInclude>
    <ClInclude Include="Header\Functor.h">
      <Filter>99.Header</Filter>
    </ClInclude>
    <ClInclude Include="Header\Tool_Define.h">
      <Filter>99.Header</Filter>
    </ClInclude>
    <ClInclude Include="Texture_Tool.h">
      <Filter>02. Texture</Filter>
    </ClInclude>
    <ClInclude Include="ObjectTool_Rect.h">
      <Filter>04.Object\01.Rect</Filter>
    </ClInclude>
    <ClInclude Include="Camera_Tool.h">
      <Filter>04.Object\03 Camera_Tool</Filter>
    </ClInclude>
  </ItemGroup>
  <ItemGroup>
    <ClCompile Include="Tool.cpp">
      <Filter>소스 파일</Filter>
    </ClCompile>
    <ClCompile Include="stdafx.cpp">
      <Filter>소스 파일</Filter>
    </ClCompile>
    <ClCompile Include="Device.cpp">
      <Filter>01. Device</Filter>
    </ClCompile>
    <ClCompile Include="SingleTexture.cpp">
      <Filter>02. Texture\00. SingleTexture</Filter>
    </ClCompile>
    <ClCompile Include="ToolView.cpp">
      <Filter>00. Special\01. View</Filter>
    </ClCompile>
    <ClCompile Include="MainFrm.cpp">
      <Filter>00. Special\00. MainFrm</Filter>
    </ClCompile>
    <ClCompile Include="ToolDoc.cpp">
      <Filter>00. Special\02. Document</Filter>
    </ClCompile>
    <ClCompile Include="TextureMgr.cpp">
      <Filter>02. Texture\02. Manager</Filter>
    </ClCompile>
    <ClCompile Include="MultiTexture.cpp">
      <Filter>02. Texture\01. MultiTexture</Filter>
    </ClCompile>
    <ClCompile Include="Terrain.cpp">
      <Filter>04.Object\02.Terrain</Filter>
    </ClCompile>
    <ClCompile Include="MyForm.cpp">
      <Filter>00. Special\01. View\00. MyForm</Filter>
    </ClCompile>
    <ClCompile Include="MiniView.cpp">
      <Filter>00. Special\01. View\01. MiniView</Filter>
    </ClCompile>
    <ClCompile Include="UnitTool.cpp">
      <Filter>00. Special\01. View\00. MyForm\00. UnitTool</Filter>
    </ClCompile>
    <ClCompile Include="MapTool.cpp">
      <Filter>00. Special\01. View\00. MyForm\01. MapTool</Filter>
    </ClCompile>
    <ClCompile Include="FileInfo.cpp">
      <Filter>03. Etc\00. FileInfo</Filter>
    </ClCompile>
    <ClCompile Include="MySheet.cpp">
      <Filter>00. Special\01. View\00. MyForm\02. PopUpWnd\00. Sheet</Filter>
    </ClCompile>
    <ClCompile Include="MyPage1.cpp">
      <Filter>00. Special\01. View\00. MyForm\02. PopUpWnd\00. Sheet\00. MyPage1</Filter>
    </ClCompile>
    <ClCompile Include="MyPage2.cpp">
      <Filter>00. Special\01. View\00. MyForm\02. PopUpWnd\00. Sheet\01. MyPage2</Filter>
    </ClCompile>
    <ClCompile Include="PathFind.cpp">
      <Filter>00. Special\01. View\00. MyForm\03. PathFind</Filter>
    </ClCompile>
    <ClCompile Include="Texture_Tool.cpp">
      <Filter>02. Texture</Filter>
    </ClCompile>
    <ClCompile Include="ObjectTool_Rect.cpp">
      <Filter>04.Object\01.Rect</Filter>
    </ClCompile>
    <ClCompile Include="Camera_Tool.cpp">
      <Filter>04.Object\03 Camera_Tool</Filter>
    </ClCompile>
  </ItemGroup>
  <ItemGroup>
    <ResourceCompile Include="Tool.rc">
      <Filter>리소스 파일</Filter>
    </ResourceCompile>
  </ItemGroup>
  <ItemGroup>
    <None Include="res\Tool.rc2">
      <Filter>리소스 파일</Filter>
    </None>
  </ItemGroup>
  <ItemGroup>
    <Image Include="res\ToolDoc.ico">
      <Filter>리소스 파일</Filter>
    </Image>
    <Image Include="res\Tool.ico">
      <Filter>리소스 파일</Filter>
    </Image>
    <Image Include="res\Toolbar.bmp">
      <Filter>리소스 파일</Filter>
    </Image>
  </ItemGroup>
</Project>